
Microsoft Visual Studio Solution File, Format Version 12.00
# Visual Studio Version 17
VisualStudioVersion = 17.14.37111.16 d17.14
MinimumVisualStudioVersion = 10.0.40219.1
Project("{FAE04EC0-301F-11D3-BF4B-00C04F79EFBC}") = "Homework2-Ibryam", "ConsoleApp11\Homework2-Ibryam.csproj", "{F73694F0-42A4-4343-B9AF-68240EF4B4BD}"
EndProject
Global
	GlobalSection(SolutionConfigurationPlatforms) = preSolution
		Debug|Any CPU = Debug|Any CPU
		Release|Any CPU = Release|Any CPU
	EndGlobalSection
	GlobalSection(ProjectConfigurationPlatforms) = postSolution
		{F73694F0-42A4-4343-B9AF-68240EF4B4BD}.Debug|Any CPU.ActiveCfg = Debug|Any CPU
		{F73694F0-42A4-4343-B9AF-68240EF4B4BD}.Debug|Any CPU.Build.0 = Debug|Any CPU
		{F73694F0-42A4-4343-B9AF-68240EF4B4BD}.Release|Any CPU.ActiveCfg = Release|Any CPU
		{F73694F0-42A4-4343-B9AF-68240EF4B4BD}.Release|Any CPU.Build.0 = Release|Any CPU
	EndGlobalSection
	GlobalSection(SolutionProperties) = preSolution
		HideSolutionNode = FALSE
	EndGlobalSection
	GlobalSection(ExtensibilityGlobals) = postSolution
		SolutionGuid = {AACA17AC-0B5C-4155-BACE-22229ACF13F7}
	EndGlobalSection
EndGlobal
